
Microsoft Visual Studio Solution File, Format Version 12.00
# Visual Studio 15
VisualStudioVersion = 15.0.26228.4
MinimumVisualStudioVersion = 10.0.40219.1
Project("{F184B08F-C81C-45F6-A57F-5ABD9991F28F}") = "LAB3", "LAB3\LAB3.vbproj", "{241DAFB7-BED0-4140-99B4-FC232E81FE0F}"
EndProject
Global
	GlobalSection(SolutionConfigurationPlatforms) = preSolution
		Debug|Any CPU = Debug|Any CPU
		Release|Any CPU = Release|Any CPU
	EndGlobalSection
	GlobalSection(ProjectConfigurationPlatforms) = postSolution
		{241DAFB7-BED0-4140-99B4-FC232E81FE0F}.Debug|Any CPU.ActiveCfg = Debug|Any CPU
		{241DAFB7-BED0-4140-99B4-FC232E81FE0F}.Debug|Any CPU.Build.0 = Debug|Any CPU
		{241DAFB7-BED0-4140-99B4-FC232E81FE0F}.Release|Any CPU.ActiveCfg = Release|Any CPU
		{241DAFB7-BED0-4140-99B4-FC232E81FE0F}.Release|Any CPU.Build.0 = Release|Any CPU
	EndGlobalSection
	GlobalSection(SolutionProperties) = preSolution
		HideSolutionNode = FALSE
	EndGlobalSection
EndGlobal
