
Microsoft Visual Studio Solution File, Format Version 12.00
# Visual Studio 15
VisualStudioVersion = 15.0.26228.4
MinimumVisualStudioVersion = 10.0.40219.1
Project("{F184B08F-C81C-45F6-A57F-5ABD9991F28F}") = "LAB5", "LAB5\LAB5.vbproj", "{EE8BF861-DC1D-40FE-B441-29F0D0C0635F}"
EndProject
Global
	GlobalSection(SolutionConfigurationPlatforms) = preSolution
		Debug|Any CPU = Debug|Any CPU
		Release|Any CPU = Release|Any CPU
	EndGlobalSection
	GlobalSection(ProjectConfigurationPlatforms) = postSolution
		{EE8BF861-DC1D-40FE-B441-29F0D0C0635F}.Debug|Any CPU.ActiveCfg = Debug|Any CPU
		{EE8BF861-DC1D-40FE-B441-29F0D0C0635F}.Debug|Any CPU.Build.0 = Debug|Any CPU
		{EE8BF861-DC1D-40FE-B441-29F0D0C0635F}.Release|Any CPU.ActiveCfg = Release|Any CPU
		{EE8BF861-DC1D-40FE-B441-29F0D0C0635F}.Release|Any CPU.Build.0 = Release|Any CPU
	EndGlobalSection
	GlobalSection(SolutionProperties) = preSolution
		HideSolutionNode = FALSE
	EndGlobalSection
EndGlobal
