
Microsoft Visual Studio Solution File, Format Version 12.00
# Visual Studio 15
VisualStudioVersion = 15.0.26228.4
MinimumVisualStudioVersion = 10.0.40219.1
Project("{F184B08F-C81C-45F6-A57F-5ABD9991F28F}") = "Ex.From textbox to another", "Ex.From textbox to another\Ex.From textbox to another.vbproj", "{BE24ECC6-7A91-4B98-B76C-6231B8B45267}"
EndProject
Global
	GlobalSection(SolutionConfigurationPlatforms) = preSolution
		Debug|Any CPU = Debug|Any CPU
		Release|Any CPU = Release|Any CPU
	EndGlobalSection
	GlobalSection(ProjectConfigurationPlatforms) = postSolution
		{BE24ECC6-7A91-4B98-B76C-6231B8B45267}.Debug|Any CPU.ActiveCfg = Debug|Any CPU
		{BE24ECC6-7A91-4B98-B76C-6231B8B45267}.Debug|Any CPU.Build.0 = Debug|Any CPU
		{BE24ECC6-7A91-4B98-B76C-6231B8B45267}.Release|Any CPU.ActiveCfg = Release|Any CPU
		{BE24ECC6-7A91-4B98-B76C-6231B8B45267}.Release|Any CPU.Build.0 = Release|Any CPU
	EndGlobalSection
	GlobalSection(SolutionProperties) = preSolution
		HideSolutionNode = FALSE
	EndGlobalSection
EndGlobal
